
Microsoft Visual Studio Solution File, Format Version 11.00
# Visual Studio 2010
Project("{FAE04EC0-301F-11D3-BF4B-00C04F79EFBC}") = "DungeonBuildersGuidebook1", "DungeonBuildersGuidebook1\DungeonBuildersGuidebook1.csproj", "{2429EA8E-EE16-4FB0-85AF-3EF4C33419AB}"
EndProject
Project("{FAE04EC0-301F-11D3-BF4B-00C04F79EFBC}") = "DungeonBuildersGuidebook1Tests", "Tests\DungeonBuildersGuidebook1Tests\DungeonBuildersGuidebook1Tests.csproj", "{3FF53D15-F02E-4AD9-823B-491C03353815}"
EndProject
Project("{FAE04EC0-301F-11D3-BF4B-00C04F79EFBC}") = "DungeonBuildersGuidebook", "DungeonBuildersGuidebook\DungeonBuildersGuidebook.csproj", "{52800680-DA8A-4DE3-B609-0B1BFC299F2E}"
EndProject
Global
	GlobalSection(SolutionConfigurationPlatforms) = preSolution
		Debug|Any CPU = Debug|Any CPU
		Debug|Mixed Platforms = Debug|Mixed Platforms
		Debug|x86 = Debug|x86
		Release|Any CPU = Release|Any CPU
		Release|Mixed Platforms = Release|Mixed Platforms
		Release|x86 = Release|x86
	EndGlobalSection
	GlobalSection(ProjectConfigurationPlatforms) = postSolution
		{2429EA8E-EE16-4FB0-85AF-3EF4C33419AB}.Debug|Any CPU.ActiveCfg = Debug|x86
		{2429EA8E-EE16-4FB0-85AF-3EF4C33419AB}.Debug|Mixed Platforms.ActiveCfg = Debug|x86
		{2429EA8E-EE16-4FB0-85AF-3EF4C33419AB}.Debug|Mixed Platforms.Build.0 = Debug|x86
		{2429EA8E-EE16-4FB0-85AF-3EF4C33419AB}.Debug|x86.ActiveCfg = Debug|x86
		{2429EA8E-EE16-4FB0-85AF-3EF4C33419AB}.Debug|x86.Build.0 = Debug|x86
		{2429EA8E-EE16-4FB0-85AF-3EF4C33419AB}.Release|Any CPU.ActiveCfg = Release|x86
		{2429EA8E-EE16-4FB0-85AF-3EF4C33419AB}.Release|Mixed Platforms.ActiveCfg = Release|x86
		{2429EA8E-EE16-4FB0-85AF-3EF4C33419AB}.Release|Mixed Platforms.Build.0 = Release|x86
		{2429EA8E-EE16-4FB0-85AF-3EF4C33419AB}.Release|x86.ActiveCfg = Release|x86
		{2429EA8E-EE16-4FB0-85AF-3EF4C33419AB}.Release|x86.Build.0 = Release|x86
		{3FF53D15-F02E-4AD9-823B-491C03353815}.Debug|Any CPU.ActiveCfg = Debug|Any CPU
		{3FF53D15-F02E-4AD9-823B-491C03353815}.Debug|Any CPU.Build.0 = Debug|Any CPU
		{3FF53D15-F02E-4AD9-823B-491C03353815}.Debug|Mixed Platforms.ActiveCfg = Debug|Any CPU
		{3FF53D15-F02E-4AD9-823B-491C03353815}.Debug|Mixed Platforms.Build.0 = Debug|Any CPU
		{3FF53D15-F02E-4AD9-823B-491C03353815}.Debug|x86.ActiveCfg = Debug|Any CPU
		{3FF53D15-F02E-4AD9-823B-491C03353815}.Release|Any CPU.ActiveCfg = Release|Any CPU
		{3FF53D15-F02E-4AD9-823B-491C03353815}.Release|Any CPU.Build.0 = Release|Any CPU
		{3FF53D15-F02E-4AD9-823B-491C03353815}.Release|Mixed Platforms.ActiveCfg = Release|Any CPU
		{3FF53D15-F02E-4AD9-823B-491C03353815}.Release|Mixed Platforms.Build.0 = Release|Any CPU
		{3FF53D15-F02E-4AD9-823B-491C03353815}.Release|x86.ActiveCfg = Release|Any CPU
		{52800680-DA8A-4DE3-B609-0B1BFC299F2E}.Debug|Any CPU.ActiveCfg = Debug|Any CPU
		{52800680-DA8A-4DE3-B609-0B1BFC299F2E}.Debug|Any CPU.Build.0 = Debug|Any CPU
		{52800680-DA8A-4DE3-B609-0B1BFC299F2E}.Debug|Mixed Platforms.ActiveCfg = Debug|Any CPU
		{52800680-DA8A-4DE3-B609-0B1BFC299F2E}.Debug|Mixed Platforms.Build.0 = Debug|Any CPU
		{52800680-DA8A-4DE3-B609-0B1BFC299F2E}.Debug|x86.ActiveCfg = Debug|Any CPU
		{52800680-DA8A-4DE3-B609-0B1BFC299F2E}.Release|Any CPU.ActiveCfg = Release|Any CPU
		{52800680-DA8A-4DE3-B609-0B1BFC299F2E}.Release|Any CPU.Build.0 = Release|Any CPU
		{52800680-DA8A-4DE3-B609-0B1BFC299F2E}.Release|Mixed Platforms.ActiveCfg = Release|Any CPU
		{52800680-DA8A-4DE3-B609-0B1BFC299F2E}.Release|Mixed Platforms.Build.0 = Release|Any CPU
		{52800680-DA8A-4DE3-B609-0B1BFC299F2E}.Release|x86.ActiveCfg = Release|Any CPU
	EndGlobalSection
	GlobalSection(SolutionProperties) = preSolution
		HideSolutionNode = FALSE
	EndGlobalSection
EndGlobal
